
Microsoft Visual Studio Solution File, Format Version 12.00
# Visual Studio Version 16
VisualStudioVersion = 16.0.30413.136
MinimumVisualStudioVersion = 10.0.40219.1
Project("{FAE04EC0-301F-11D3-BF4B-00C04F79EFBC}") = "ShootThem", "ShootThem\ShootThem.csproj", "{D7335B54-2C1C-4D30-BDC9-4FCC749A6A28}"
EndProject
Global
	GlobalSection(SolutionConfigurationPlatforms) = preSolution
		Debug|Any CPU = Debug|Any CPU
		Release|Any CPU = Release|Any CPU
	EndGlobalSection
	GlobalSection(ProjectConfigurationPlatforms) = postSolution
		{D7335B54-2C1C-4D30-BDC9-4FCC749A6A28}.Debug|Any CPU.ActiveCfg = Debug|Any CPU
		{D7335B54-2C1C-4D30-BDC9-4FCC749A6A28}.Debug|Any CPU.Build.0 = Debug|Any CPU
		{D7335B54-2C1C-4D30-BDC9-4FCC749A6A28}.Release|Any CPU.ActiveCfg = Release|Any CPU
		{D7335B54-2C1C-4D30-BDC9-4FCC749A6A28}.Release|Any CPU.Build.0 = Release|Any CPU
	EndGlobalSection
	GlobalSection(SolutionProperties) = preSolution
		HideSolutionNode = FALSE
	EndGlobalSection
	GlobalSection(ExtensibilityGlobals) = postSolution
		SolutionGuid = {E3C8404C-331C-41AD-BC46-3FEB588F15F4}
	EndGlobalSection
EndGlobal
